// !$*UTF8*$!
{
	archiveVersion = 1;
	classes = {
	};
	objectVersion = 48;
	objects = {

/* Begin PBXBuildFile section */
		8C4724D11F30B2FE00682D12 /* MonkeyPod.podspec in Resources */ = {isa = PBXBuildFile; fileRef = 8C4724D01F30B2FE00682D12 /* MonkeyPod.podspec */; };
		8C4724D41F30B2FE00682D12 /* CaptainHook.h in Headers */ = {isa = PBXBuildFile; fileRef = 8C4724D31F30B2FE00682D12 /* CaptainHook.h */; };
		8C4724D61F30B2FE00682D12 /* MonkeyPod.m in Sources */ = {isa = PBXBuildFile; fileRef = 8C4724D51F30B2FE00682D12 /* MonkeyPod.m */; };
		8C4724D81F30B2FE00682D12 /* MonkeyPod.h in Headers */ = {isa = PBXBuildFile; fileRef = 8C4724CF1F30B2FE00682D12 /* MonkeyPod.h */; settings = {ATTRIBUTES = (Public, ); }; };
/* End PBXBuildFile section */

/* Begin PBXFileReference section */
		8C4724CC1F30B2FE00682D12 /* MonkeyPod.framework */ = {isa = PBXFileReference; explicitFileType = wrapper.framework; includeInIndex = 0; path = MonkeyPod.framework; sourceTree = BUILT_PRODUCTS_DIR; };
		8C4724CF1F30B2FE00682D12 /* MonkeyPod.h */ = {isa = PBXFileReference; lastKnownFileType = sourcecode.c.h; path = MonkeyPod.h; sourceTree = "<group>"; };
		8C4724D01F30B2FE00682D12 /* MonkeyPod.podspec */ = {isa = PBXFileReference; lastKnownFileType = text; path = MonkeyPod.podspec; sourceTree = "<group>"; };
		8C4724D31F30B2FE00682D12 /* CaptainHook.h */ = {isa = PBXFileReference; lastKnownFileType = sourcecode.c.h; name = CaptainHook.h; path = CaptainHook/CaptainHook.h; sourceTree = "<group>"; };
		8C4724D51F30B2FE00682D12 /* MonkeyPod.m */ = {isa = PBXFileReference; lastKnownFileType = sourcecode.c.objc; path = MonkeyPod.m; sourceTree = "<group>"; };
		8C4724D71F30B2FE00682D12 /* Info.plist */ = {isa = PBXFileReference; lastKnownFileType = text.plist.xml; path = Info.plist; sourceTree = "<group>"; };
/* End PBXFileReference section */

/* Begin PBXFrameworksBuildPhase section */
		8C4724C81F30B2FE00682D12 /* Frameworks */ = {
			isa = PBXFrameworksBuildPhase;
			buildActionMask = 2147483647;
			files = (
			);
			runOnlyForDeploymentPostprocessing = 0;
		};
/* End PBXFrameworksBuildPhase section */

/* Begin PBXGroup section */
		8C4724C21F30B2FE00682D12 = {
			isa = PBXGroup;
			children = (
				8C4724CE1F30B2FE00682D12 /* MonkeyPod */,
				8C4724CD1F30B2FE00682D12 /* Products */,
			);
			sourceTree = "<group>";
		};
		8C4724CD1F30B2FE00682D12 /* Products */ = {
			isa = PBXGroup;
			children = (
				8C4724CC1F30B2FE00682D12 /* MonkeyPod.framework */,
			);
			name = Products;
			sourceTree = "<group>";
		};
		8C4724CE1F30B2FE00682D12 /* MonkeyPod */ = {
			isa = PBXGroup;
			children = (
				8C4724CF1F30B2FE00682D12 /* MonkeyPod.h */,
				8C4724D01F30B2FE00682D12 /* MonkeyPod.podspec */,
				8C4724D51F30B2FE00682D12 /* MonkeyPod.m */,
				8C4724D71F30B2FE00682D12 /* Info.plist */,
				8C4724D21F30B2FE00682D12 /* CaptainHook */,
			);
			path = MonkeyPod;
			sourceTree = "<group>";
		};
		8C4724D21F30B2FE00682D12 /* CaptainHook */ = {
			isa = PBXGroup;
			children = (
				8C4724D31F30B2FE00682D12 /* CaptainHook.h */,
			);
			name = CaptainHook;
			sourceTree = "<group>";
		};
/* End PBXGroup section */

/* Begin PBXHeadersBuildPhase section */
		8C4724C91F30B2FE00682D12 /* Headers */ = {
			isa = PBXHeadersBuildPhase;
			buildActionMask = 2147483647;
			files = (
				8C4724D41F30B2FE00682D12 /* CaptainHook.h in Headers */,
				8C4724D81F30B2FE00682D12 /* MonkeyPod.h in Headers */,
			);
			runOnlyForDeploymentPostprocessing = 0;
		};
/* End PBXHeadersBuildPhase section */

/* Begin PBXNativeTarget section */
		8C4724CB1F30B2FE00682D12 /* MonkeyPod */ = {
			isa = PBXNativeTarget;
			buildConfigurationList = 8C4724DB1F30B2FE00682D12 /* Build configuration list for PBXNativeTarget "MonkeyPod" */;
			buildPhases = (
				8C4724C71F30B2FE00682D12 /* Sources */,
				8C4724C81F30B2FE00682D12 /* Frameworks */,
				8C4724C91F30B2FE00682D12 /* Headers */,
				8C4724CA1F30B2FE00682D12 /* Resources */,
			);
			buildRules = (
			);
			dependencies = (
			);
			name = MonkeyPod;
			productName = MonkeyPod;
			productReference = 8C4724CC1F30B2FE00682D12 /* MonkeyPod.framework */;
			productType = "com.apple.product-type.framework";
		};
/* End PBXNativeTarget section */

/* Begin PBXProject section */
		8C4724C31F30B2FE00682D12 /* Project object */ = {
			isa = PBXProject;
			attributes = {
				LastUpgradeCheck = 0900;
				ORGANIZATIONNAME = Coder;
				TargetAttributes = {
					8C4724CB1F30B2FE00682D12 = {
						CreatedOnToolsVersion = 9.0;
					};
				};
			};
			buildConfigurationList = 8C4724C61F30B2FE00682D12 /* Build configuration list for PBXProject "MonkeyPod" */;
			compatibilityVersion = "Xcode 8.0";
			developmentRegion = en;
			hasScannedForEncodings = 0;
			knownRegions = (
				en,
			);
			mainGroup = 8C4724C21F30B2FE00682D12;
			productRefGroup = 8C4724CD1F30B2FE00682D12 /* Products */;
			projectDirPath = "";
			projectRoot = "";
			targets = (
				8C4724CB1F30B2FE00682D12 /* MonkeyPod */,
			);
		};
/* End PBXProject section */

/* Begin PBXResourcesBuildPhase section */
		8C4724CA1F30B2FE00682D12 /* Resources */ = {
			isa = PBXResourcesBuildPhase;
			buildActionMask = 2147483647;
			files = (
				8C4724D11F30B2FE00682D12 /* MonkeyPod.podspec in Resources */,
			);
			runOnlyForDeploymentPostprocessing = 0;
		};
/* End PBXResourcesBuildPhase section */

/* Begin PBXSourcesBuildPhase section */
		8C4724C71F30B2FE00682D12 /* Sources */ = {
			isa = PBXSourcesBuildPhase;
			buildActionMask = 2147483647;
			files = (
				8C4724D61F30B2FE00682D12 /* MonkeyPod.m in Sources */,
			);
			runOnlyForDeploymentPostprocessing = 0;
		};
/* End PBXSourcesBuildPhase section */

/* Begin XCBuildConfiguration section */
		8C4724D91F30B2FE00682D12 /* Debug */ = {
			isa = XCBuildConfiguration;
			buildSettings = {
				ALWAYS_SEARCH_USER_PATHS = NO;
				CLANG_ANALYZER_NONNULL = YES;
				CLANG_ANALYZER_NUMBER_OBJECT_CONVERSION = YES_AGGRESSIVE;
				CLANG_CXX_LANGUAGE_STANDARD = "gnu++14";
				CLANG_CXX_LIBRARY = "libc++";
				CLANG_ENABLE_MODULES = YES;
				CLANG_ENABLE_OBJC_ARC = YES;
				CLANG_WARN_BLOCK_CAPTURE_AUTORELEASING = YES;
				CLANG_WARN_BOOL_CONVERSION = YES;
				CLANG_WARN_COMMA = YES;
				CLANG_WARN_CONSTANT_CONVERSION = YES;
				CLANG_WARN_DIRECT_OBJC_ISA_USAGE = YES_ERROR;
				CLANG_WARN_DOCUMENTATION_COMMENTS = YES;
				CLANG_WARN_EMPTY_BODY = YES;
				CLANG_WARN_ENUM_CONVERSION = YES;
				CLANG_WARN_INFINITE_RECURSION = YES;
				CLANG_WARN_INT_CONVERSION = YES;
				CLANG_WARN_OBJC_ROOT_CLASS = YES_ERROR;
				CLANG_WARN_RANGE_LOOP_ANALYSIS = YES;
				CLANG_WARN_STRICT_PROTOTYPES = YES;
				CLANG_WARN_SUSPICIOUS_MOVE = YES;
				CLANG_WARN_UNGUARDED_AVAILABILITY = YES_AGGRESSIVE;
				CLANG_WARN_UNREACHABLE_CODE = YES;
				CLANG_WARN__DUPLICATE_METHOD_MATCH = YES;
				CODE_SIGN_IDENTITY = "iPhone Developer";
				COPY_PHASE_STRIP = NO;
				CURRENT_PROJECT_VERSION = 1;
				DEBUG_INFORMATION_FORMAT = dwarf;
				ENABLE_STRICT_OBJC_MSGSEND = YES;
				ENABLE_TESTABILITY = YES;
				GCC_C_LANGUAGE_STANDARD = gnu11;
				GCC_DYNAMIC_NO_PIC = NO;
				GCC_NO_COMMON_BLOCKS = YES;
				GCC_OPTIMIZATION_LEVEL = 0;
				GCC_PREPROCESSOR_DEFINITIONS = (
					"DEBUG=1",
					"$(inherited)",
				);
				GCC_WARN_64_TO_32_BIT_CONVERSION = YES;
				GCC_WARN_ABOUT_RETURN_TYPE = YES_ERROR;
				GCC_WARN_UNDECLARED_SELECTOR = YES;
				GCC_WARN_UNINITIALIZED_AUTOS = YES_AGGRESSIVE;
				GCC_WARN_UNUSED_FUNCTION = YES;
				GCC_WARN_UNUSED_VARIABLE = YES;
				IPHONEOS_DEPLOYMENT_TARGET = 8.0;
				MTL_ENABLE_DEBUG_INFO = YES;
				ONLY_ACTIVE_ARCH = YES;
				SDKROOT = iphoneos;
				VERSIONING_SYSTEM = "apple-generic";
				VERSION_INFO_PREFIX = "";
			};
			name = Debug;
		};
		8C4724DA1F30B2FE00682D12 /* Release */ = {
			isa = XCBuildConfiguration;
			buildSettings = {
				ALWAYS_SEARCH_USER_PATHS = NO;
				CLANG_ANALYZER_NONNULL = YES;
				CLANG_ANALYZER_NUMBER_OBJECT_CONVERSION = YES_AGGRESSIVE;
				CLANG_CXX_LANGUAGE_STANDARD = "gnu++14";
				CLANG_CXX_LIBRARY = "libc++";
				CLANG_ENABLE_MODULES = YES;
				CLANG_ENABLE_OBJC_ARC = YES;
				CLANG_WARN_BLOCK_CAPTURE_AUTORELEASING = YES;
				CLANG_WARN_BOOL_CONVERSION = YES;
				CLANG_WARN_COMMA = YES;
				CLANG_WARN_CONSTANT_CONVERSION = YES;
				CLANG_WARN_DIRECT_OBJC_ISA_USAGE = YES_ERROR;
				CLANG_WARN_DOCUMENTATION_COMMENTS = YES;
				CLANG_WARN_EMPTY_BODY = YES;
				CLANG_WARN_ENUM_CONVERSION = YES;
				CLANG_WARN_INFINITE_RECURSION = YES;
				CLANG_WARN_INT_CONVERSION = YES;
				CLANG_WARN_OBJC_ROOT_CLASS = YES_ERROR;
				CLANG_WARN_RANGE_LOOP_ANALYSIS = YES;
				CLANG_WARN_STRICT_PROTOTYPES = YES;
				CLANG_WARN_SUSPICIOUS_MOVE = YES;
				CLANG_WARN_UNGUARDED_AVAILABILITY = YES_AGGRESSIVE;
				CLANG_WARN_UNREACHABLE_CODE = YES;
				CLANG_WARN__DUPLICATE_METHOD_MATCH = YES;
				CODE_SIGN_IDENTITY = "iPhone Developer";
				COPY_PHASE_STRIP = NO;
				CURRENT_PROJECT_VERSION = 1;
				DEBUG_INFORMATION_FORMAT = "dwarf-with-dsym";
				ENABLE_NS_ASSERTIONS = NO;
				ENABLE_STRICT_OBJC_MSGSEND = YES;
				GCC_C_LANGUAGE_STANDARD = gnu11;
				GCC_NO_COMMON_BLOCKS = YES;
				GCC_WARN_64_TO_32_BIT_CONVERSION = YES;
				GCC_WARN_ABOUT_RETURN_TYPE = YES_ERROR;
				GCC_WARN_UNDECLARED_SELECTOR = YES;
				GCC_WARN_UNINITIALIZED_AUTOS = YES_AGGRESSIVE;
				GCC_WARN_UNUSED_FUNCTION = YES;
				GCC_WARN_UNUSED_VARIABLE = YES;
				IPHONEOS_DEPLOYMENT_TARGET = 8.0;
				MTL_ENABLE_DEBUG_INFO = NO;
				SDKROOT = iphoneos;
				VALIDATE_PRODUCT = YES;
				VERSIONING_SYSTEM = "apple-generic";
				VERSION_INFO_PREFIX = "";
			};
			name = Release;
		};
		8C4724DC1F30B2FE00682D12 /* Debug */ = {
			isa = XCBuildConfiguration;
			buildSettings = {
				CODE_SIGN_IDENTITY = "";
				DEFINES_MODULE = YES;
				DEVELOPMENT_TEAM = 9XQEPG2J2J;
				DYLIB_COMPATIBILITY_VERSION = 1;
				DYLIB_CURRENT_VERSION = 1;
				DYLIB_INSTALL_NAME_BASE = "@rpath";
				INFOPLIST_FILE = MonkeyPod/Info.plist;
				INSTALL_PATH = "$(LOCAL_LIBRARY_DIR)/Frameworks";
				LD_RUNPATH_SEARCH_PATHS = "$(inherited) @executable_path/Frameworks @loader_path/Frameworks";
				PRODUCT_BUNDLE_IDENTIFIER = com.alonemonkey.MonkeyPod;
				PRODUCT_NAME = "$(TARGET_NAME:c99extidentifier)";
				SKIP_INSTALL = YES;
				TARGETED_DEVICE_FAMILY = "1,2";
			};
			name = Debug;
		};
		8C4724DD1F30B2FE00682D12 /* Release */ = {
			isa = XCBuildConfiguration;
			buildSettings = {
				CODE_SIGN_IDENTITY = "";
				DEFINES_MODULE = YES;
				DEVELOPMENT_TEAM = 9XQEPG2J2J;
				DYLIB_COMPATIBILITY_VERSION = 1;
				DYLIB_CURRENT_VERSION = 1;
				DYLIB_INSTALL_NAME_BASE = "@rpath";
				INFOPLIST_FILE = MonkeyPod/Info.plist;
				INSTALL_PATH = "$(LOCAL_LIBRARY_DIR)/Frameworks";
				LD_RUNPATH_SEARCH_PATHS = "$(inherited) @executable_path/Frameworks @loader_path/Frameworks";
				PRODUCT_BUNDLE_IDENTIFIER = com.alonemonkey.MonkeyPod;
				PRODUCT_NAME = "$(TARGET_NAME:c99extidentifier)";
				SKIP_INSTALL = YES;
				TARGETED_DEVICE_FAMILY = "1,2";
			};
			name = Release;
		};
/* End XCBuildConfiguration section */

/* Begin XCConfigurationList section */
		8C4724C61F30B2FE00682D12 /* Build configuration list for PBXProject "MonkeyPod" */ = {
			isa = XCConfigurationList;
			buildConfigurations = (
				8C4724D91F30B2FE00682D12 /* Debug */,
				8C4724DA1F30B2FE00682D12 /* Release */,
			);
			defaultConfigurationIsVisible = 0;
			defaultConfigurationName = Release;
		};
		8C4724DB1F30B2FE00682D12 /* Build configuration list for PBXNativeTarget "MonkeyPod" */ = {
			isa = XCConfigurationList;
			buildConfigurations = (
				8C4724DC1F30B2FE00682D12 /* Debug */,
				8C4724DD1F30B2FE00682D12 /* Release */,
			);
			defaultConfigurationIsVisible = 0;
		};
/* End XCConfigurationList section */
	};
	rootObject = 8C4724C31F30B2FE00682D12 /* Project object */;
}
